// !$*UTF8*$!
{
	archiveVersion = 1;
	classes = {
	};
	objectVersion = 50;
	objects = {

/* Begin PBXFileReference section */
		1697247827ADD61E001AF25C /* .gitignore */ = {isa = PBXFileReference; lastKnownFileType = text; path = .gitignore; sourceTree = "<group>"; };
		1697247927ADDA32001AF25C /* code.html */ = {isa = PBXFileReference; lastKnownFileType = text.html; path = code.html; sourceTree = "<group>"; };
/* End PBXFileReference section */

/* Begin PBXGroup section */
		1697247027ADD52D001AF25C = {
			isa = PBXGroup;
			children = (
				1697247927ADDA32001AF25C /* code.html */,
				1697247827ADD61E001AF25C /* .gitignore */,
			);
			sourceTree = "<group>";
		};
/* End PBXGroup section */

/* Begin PBXProject section */
		1697247127ADD52D001AF25C /* Project object */ = {
			isa = PBXProject;
			attributes = {
				LastUpgradeCheck = 1240;
			};
			buildConfigurationList = 1697247427ADD52D001AF25C /* Build configuration list for PBXProject "html_basics" */;
			compatibilityVersion = "Xcode 9.3";
			developmentRegion = en;
			hasScannedForEncodings = 0;
			knownRegions = (
				en,
				Base,
			);
			mainGroup = 1697247027ADD52D001AF25C;
			projectDirPath = "";
			projectRoot = "";
			targets = (
			);
		};
/* End PBXProject section */

/* Begin XCBuildConfiguration section */
		1697247527ADD52D001AF25C /* Debug */ = {
			isa = XCBuildConfiguration;
			buildSettings = {
			};
			name = Debug;
		};
		1697247627ADD52D001AF25C /* Release */ = {
			isa = XCBuildConfiguration;
			buildSettings = {
			};
			name = Release;
		};
/* End XCBuildConfiguration section */

/* Begin XCConfigurationList section */
		1697247427ADD52D001AF25C /* Build configuration list for PBXProject "html_basics" */ = {
			isa = XCConfigurationList;
			buildConfigurations = (
				1697247527ADD52D001AF25C /* Debug */,
				1697247627ADD52D001AF25C /* Release */,
			);
			defaultConfigurationIsVisible = 0;
			defaultConfigurationName = Release;
		};
/* End XCConfigurationList section */
	};
	rootObject = 1697247127ADD52D001AF25C /* Project object */;
}
